
Microsoft Visual Studio Solution File, Format Version 12.00
# Visual Studio Version 17
VisualStudioVersion = 17.9.34701.34
MinimumVisualStudioVersion = 10.0.40219.1
Project("{FAE04EC0-301F-11D3-BF4B-00C04F79EFBC}") = "ProjetoDankiCode", "ProjetoDankiCode\ProjetoDankiCode.csproj", "{36BF7207-95FD-459C-9D56-EFE5B514CF27}"
EndProject
Global
	GlobalSection(SolutionConfigurationPlatforms) = preSolution
		Debug|Any CPU = Debug|Any CPU
		Release|Any CPU = Release|Any CPU
	EndGlobalSection
	GlobalSection(ProjectConfigurationPlatforms) = postSolution
		{36BF7207-95FD-459C-9D56-EFE5B514CF27}.Debug|Any CPU.ActiveCfg = Debug|Any CPU
		{36BF7207-95FD-459C-9D56-EFE5B514CF27}.Debug|Any CPU.Build.0 = Debug|Any CPU
		{36BF7207-95FD-459C-9D56-EFE5B514CF27}.Release|Any CPU.ActiveCfg = Release|Any CPU
		{36BF7207-95FD-459C-9D56-EFE5B514CF27}.Release|Any CPU.Build.0 = Release|Any CPU
	EndGlobalSection
	GlobalSection(SolutionProperties) = preSolution
		HideSolutionNode = FALSE
	EndGlobalSection
	GlobalSection(ExtensibilityGlobals) = postSolution
		SolutionGuid = {A701163F-8CFA-42FC-9F8F-2C5192B9A119}
	EndGlobalSection
EndGlobal
